<?xml version="1.0" encoding="utf-8"?>
<Project ToolsVersion="4.0" xmlns="http://schemas.microsoft.com/developer/msbuild/2003">
  <ItemGroup>
    <Filter Include="inc">
      <UniqueIdentifier>{93995380-89BD-4b04-88EB-625FBE52EBFB}</UniqueIdentifier>
      <Extensions>h;hpp;hxx;hm;inl;inc;xsd</Extensions>
    </Filter>
    <Filter Include="src">
      <UniqueIdentifier>{4FC737F1-C7A5-4376-A066-2A32D752A2FF}</UniqueIdentifier>
      <Extensions>cpp;c;cc;cxx;def;odl;idl;hpj;bat;asm;asmx</Extensions>
    </Filter>
    <Filter Include="pub">
      <UniqueIdentifier>{3adbd5b3-5b82-4da4-8805-83404ecc85c2}</UniqueIdentifier>
    </Filter>
    <Filter Include="cib">
      <UniqueIdentifier>{e970c818-cde6-4863-b514-7b8bb01fb0f3}</UniqueIdentifier>
    </Filter>
  </ItemGroup>
  <ItemGroup>
    <ClInclude Include="stdafx.h">
      <Filter>inc</Filter>
    </ClInclude>
    <ClInclude Include="targetver.h">
      <Filter>inc</Filter>
    </ClInclude>
    <ClInclude Include="pub\shape.h">
      <Filter>pub</Filter>
    </ClInclude>
    <ClInclude Include="pub\circ.h">
      <Filter>pub</Filter>
    </ClInclude>
    <ClInclude Include="pub\rect.h">
      <Filter>pub</Filter>
    </ClInclude>
    <ClInclude Include="pub\composite.h">
      <Filter>pub</Filter>
    </ClInclude>
    <ClInclude Include="yawg.h">
      <Filter>src</Filter>
    </ClInclude>
    <ClInclude Include="cib\cib_ShapeLib.h">
      <Filter>cib</Filter>
    </ClInclude>
  </ItemGroup>
  <ItemGroup>
    <ClCompile Include="stdafx.cpp">
      <Filter>src</Filter>
    </ClCompile>
    <ClCompile Include="shape.cpp">
      <Filter>src</Filter>
    </ClCompile>
    <ClCompile Include="dllmain.cpp">
      <Filter>src</Filter>
    </ClCompile>
    <ClCompile Include="rect.cpp">
      <Filter>src</Filter>
    </ClCompile>
    <ClCompile Include="circ.cpp">
      <Filter>src</Filter>
    </ClCompile>
    <ClCompile Include="composite.cpp">
      <Filter>src</Filter>
    </ClCompile>
    <ClCompile Include="cib\cib_circ.cpp">
      <Filter>cib</Filter>
    </ClCompile>
    <ClCompile Include="cib\cib_composite.cpp">
      <Filter>cib</Filter>
    </ClCompile>
    <ClCompile Include="cib\cib_rect.cpp">
      <Filter>cib</Filter>
    </ClCompile>
    <ClCompile Include="cib\cib_shape.cpp">
      <Filter>cib</Filter>
    </ClCompile>
    <ClCompile Include="cib\cib_ShapeLib.cpp">
      <Filter>cib</Filter>
    </ClCompile>
  </ItemGroup>
</Project>